
Microsoft Visual Studio Solution File, Format Version 11.00
# Visual Studio 2010
Project("{FAE04EC0-301F-11D3-BF4B-00C04F79EFBC}") = "Assembly-CSharp-firstpass", "Assembly-CSharp-firstpass.csproj", "{a67540db-e3aa-e030-727b-e925a84750b3}"
EndProject
Project("{FAE04EC0-301F-11D3-BF4B-00C04F79EFBC}") = "Assembly-CSharp", "Assembly-CSharp.csproj", "{0007f6f7-269f-2595-50c6-2cabc2e5c865}"
EndProject
Global
	GlobalSection(SolutionConfigurationPlatforms) = preSolution
		Debug|Any CPU = Debug|Any CPU
	EndGlobalSection
	GlobalSection(ProjectConfigurationPlatforms) = postSolution
		{a67540db-e3aa-e030-727b-e925a84750b3}.Debug|Any CPU.ActiveCfg = Debug|Any CPU
		{a67540db-e3aa-e030-727b-e925a84750b3}.Debug|Any CPU.Build.0 = Debug|Any CPU
		{0007f6f7-269f-2595-50c6-2cabc2e5c865}.Debug|Any CPU.ActiveCfg = Debug|Any CPU
		{0007f6f7-269f-2595-50c6-2cabc2e5c865}.Debug|Any CPU.Build.0 = Debug|Any CPU
	EndGlobalSection
	GlobalSection(SolutionProperties) = preSolution
		HideSolutionNode = FALSE
	EndGlobalSection
EndGlobal
